{
  "name": "wiki-plugin-html",
  "version": "0.7.0",
  "lockfileVersion": 3,
  "requires": true,
  "packages": {
    "": {
      "name": "wiki-plugin-html",
      "version": "0.7.0",
      "license": "MIT",
      "devDependencies": {
        "grunt-git-authors": "~3"
      }
    },
    "node_modules/grunt-git-authors": {
      "version": "3.2.0",
      "resolved": "https://registry.npmjs.org/grunt-git-authors/-/grunt-git-authors-3.2.0.tgz",
      "integrity": "sha512-uDJGPKoO7H93wUnnDPsNIdIrfhifyhQln2tG1ulH25ceFeKuKTrTKYytzTUuxeaspss2t66amQlgaqUS9yo+2w==",
      "dev": true,
      "dependencies": {
        "spawnback": "~1.0.0"
      }
    },
    "node_modules/grunt-git-authors/node_modules/spawnback": {
      "version": "1.0.1",
      "resolved": "https://registry.npmjs.org/spawnback/-/spawnback-1.0.1.tgz",
      "integrity": "sha512-340ZqtqJzWAZtHwaCC2gx4mdQOnkUWAWNDp7y0bCEatdjmgQ4j7b0qQ7qO5WIJWx/luNrKcrYzpKbH3NTR030A==",
      "dev": true
    }
  }
}
